
Microsoft Visual Studio Solution File, Format Version 12.00
# Visual Studio Version 17
VisualStudioVersion = 17.9.34902.65
MinimumVisualStudioVersion = 10.0.40219.1
Project("{FAE04EC0-301F-11D3-BF4B-00C04F79EFBC}") = "Gadgets", "Gadgets\Gadgets.csproj", "{B7F22218-020D-4CA8-B1DC-53ECD6D45EDB}"
EndProject
Global
	GlobalSection(SolutionConfigurationPlatforms) = preSolution
		Debug|Any CPU = Debug|Any CPU
		Release|Any CPU = Release|Any CPU
	EndGlobalSection
	GlobalSection(ProjectConfigurationPlatforms) = postSolution
		{B7F22218-020D-4CA8-B1DC-53ECD6D45EDB}.Debug|Any CPU.ActiveCfg = Debug|Any CPU
		{B7F22218-020D-4CA8-B1DC-53ECD6D45EDB}.Debug|Any CPU.Build.0 = Debug|Any CPU
		{B7F22218-020D-4CA8-B1DC-53ECD6D45EDB}.Release|Any CPU.ActiveCfg = Release|Any CPU
		{B7F22218-020D-4CA8-B1DC-53ECD6D45EDB}.Release|Any CPU.Build.0 = Release|Any CPU
	EndGlobalSection
	GlobalSection(SolutionProperties) = preSolution
		HideSolutionNode = FALSE
	EndGlobalSection
	GlobalSection(ExtensibilityGlobals) = postSolution
		SolutionGuid = {30800C7F-402E-4B88-973A-832DEAA72321}
	EndGlobalSection
EndGlobal
